
Microsoft Visual Studio Solution File, Format Version 12.00
# Visual Studio Version 17
VisualStudioVersion = 17.5.33424.131
MinimumVisualStudioVersion = 10.0.40219.1
Project("{9A19103F-16F7-4668-BE54-9A1E7A4F7556}") = "SamuraiApp.Domain", "SamuraiApp.Domain\SamuraiApp.Domain.csproj", "{7C7BCEE2-75D3-4459-892E-8301AABF4F1C}"
EndProject
Project("{9A19103F-16F7-4668-BE54-9A1E7A4F7556}") = "SamuraiApp.Data", "SamuraiApp.Data\SamuraiApp.Data.csproj", "{99FAE4FA-BCD9-49F8-AB48-C695BDCFF7D8}"
EndProject
Project("{FAE04EC0-301F-11D3-BF4B-00C04F79EFBC}") = "ConsoleApp", "ConsoleApp\ConsoleApp.csproj", "{376626D2-DEBE-492F-BC55-10EC3BBD2C34}"
EndProject
Global
	GlobalSection(SolutionConfigurationPlatforms) = preSolution
		Debug|Any CPU = Debug|Any CPU
		Release|Any CPU = Release|Any CPU
	EndGlobalSection
	GlobalSection(ProjectConfigurationPlatforms) = postSolution
		{7C7BCEE2-75D3-4459-892E-8301AABF4F1C}.Debug|Any CPU.ActiveCfg = Debug|Any CPU
		{7C7BCEE2-75D3-4459-892E-8301AABF4F1C}.Debug|Any CPU.Build.0 = Debug|Any CPU
		{7C7BCEE2-75D3-4459-892E-8301AABF4F1C}.Release|Any CPU.ActiveCfg = Release|Any CPU
		{7C7BCEE2-75D3-4459-892E-8301AABF4F1C}.Release|Any CPU.Build.0 = Release|Any CPU
		{99FAE4FA-BCD9-49F8-AB48-C695BDCFF7D8}.Debug|Any CPU.ActiveCfg = Debug|Any CPU
		{99FAE4FA-BCD9-49F8-AB48-C695BDCFF7D8}.Debug|Any CPU.Build.0 = Debug|Any CPU
		{99FAE4FA-BCD9-49F8-AB48-C695BDCFF7D8}.Release|Any CPU.ActiveCfg = Release|Any CPU
		{99FAE4FA-BCD9-49F8-AB48-C695BDCFF7D8}.Release|Any CPU.Build.0 = Release|Any CPU
		{376626D2-DEBE-492F-BC55-10EC3BBD2C34}.Debug|Any CPU.ActiveCfg = Debug|Any CPU
		{376626D2-DEBE-492F-BC55-10EC3BBD2C34}.Debug|Any CPU.Build.0 = Debug|Any CPU
		{376626D2-DEBE-492F-BC55-10EC3BBD2C34}.Release|Any CPU.ActiveCfg = Release|Any CPU
		{376626D2-DEBE-492F-BC55-10EC3BBD2C34}.Release|Any CPU.Build.0 = Release|Any CPU
	EndGlobalSection
	GlobalSection(SolutionProperties) = preSolution
		HideSolutionNode = FALSE
	EndGlobalSection
	GlobalSection(ExtensibilityGlobals) = postSolution
		SolutionGuid = {0569066E-92DA-4A6F-AAE1-804E9ECB8E36}
	EndGlobalSection
EndGlobal
